
Microsoft Visual Studio Solution File, Format Version 12.00
# Visual Studio Version 17
VisualStudioVersion = 17.3.32922.545
MinimumVisualStudioVersion = 10.0.40219.1
Project("{00D1A9C2-B5F0-4AF3-8072-F6C62B433612}") = "LectoresConGloria_BD", "LectoresConGloria_BD\LectoresConGloria_BD.sqlproj", "{64D029C1-41EA-4080-AFC2-A3F0A59BFDAF}"
EndProject
Project("{2150E333-8FDC-42A3-9474-1A3956D46DE8}") = "Gateways", "Gateways", "{671325D4-F80F-49C7-B253-33E0F4D2A544}"
EndProject
Project("{2150E333-8FDC-42A3-9474-1A3956D46DE8}") = "Domain", "Domain", "{FC2A8B30-1017-41D7-87A8-3A0EF1525E34}"
EndProject
Project("{9A19103F-16F7-4668-BE54-9A1E7A4F7556}") = "LectoresConGloria_MDL", "Domain\LectoresConGloria_MDL\LectoresConGloria_MDL.csproj", "{63B72BBF-7508-4D14-9301-A3DBB5DD772F}"
EndProject
Project("{9A19103F-16F7-4668-BE54-9A1E7A4F7556}") = "LectoresConGloria_SVC", "Domain\LectoresConGloria_SVC\LectoresConGloria_SVC.csproj", "{42DDB44C-3BB9-42F0-92BD-D358829C6B42}"
EndProject
Project("{9A19103F-16F7-4668-BE54-9A1E7A4F7556}") = "LectoresConGloria_GW", "Gateways\LectoresConGloria_GW\LectoresConGloria_GW.csproj", "{86141396-4E93-4514-9251-3673FB756F38}"
EndProject
Project("{9A19103F-16F7-4668-BE54-9A1E7A4F7556}") = "LectoresConGloria_FWK", "Domain\LectoresConGloria_FWK\LectoresConGloria_FWK.csproj", "{5DC95142-2C37-490A-9D5D-0F39A70DBC09}"
EndProject
Global
	GlobalSection(SolutionConfigurationPlatforms) = preSolution
		Debug|Any CPU = Debug|Any CPU
		Debug|iPhone = Debug|iPhone
		Debug|iPhoneSimulator = Debug|iPhoneSimulator
		DebugLocal|Any CPU = DebugLocal|Any CPU
		DebugLocal|iPhone = DebugLocal|iPhone
		DebugLocal|iPhoneSimulator = DebugLocal|iPhoneSimulator
		Release|Any CPU = Release|Any CPU
		Release|iPhone = Release|iPhone
		Release|iPhoneSimulator = Release|iPhoneSimulator
	EndGlobalSection
	GlobalSection(ProjectConfigurationPlatforms) = postSolution
		{64D029C1-41EA-4080-AFC2-A3F0A59BFDAF}.Debug|Any CPU.ActiveCfg = Debug|Any CPU
		{64D029C1-41EA-4080-AFC2-A3F0A59BFDAF}.Debug|Any CPU.Build.0 = Debug|Any CPU
		{64D029C1-41EA-4080-AFC2-A3F0A59BFDAF}.Debug|Any CPU.Deploy.0 = Debug|Any CPU
		{64D029C1-41EA-4080-AFC2-A3F0A59BFDAF}.Debug|iPhone.ActiveCfg = Debug|Any CPU
		{64D029C1-41EA-4080-AFC2-A3F0A59BFDAF}.Debug|iPhone.Build.0 = Debug|Any CPU
		{64D029C1-41EA-4080-AFC2-A3F0A59BFDAF}.Debug|iPhone.Deploy.0 = Debug|Any CPU
		{64D029C1-41EA-4080-AFC2-A3F0A59BFDAF}.Debug|iPhoneSimulator.ActiveCfg = Debug|Any CPU
		{64D029C1-41EA-4080-AFC2-A3F0A59BFDAF}.Debug|iPhoneSimulator.Build.0 = Debug|Any CPU
		{64D029C1-41EA-4080-AFC2-A3F0A59BFDAF}.Debug|iPhoneSimulator.Deploy.0 = Debug|Any CPU
		{64D029C1-41EA-4080-AFC2-A3F0A59BFDAF}.DebugLocal|Any CPU.ActiveCfg = Debug|Any CPU
		{64D029C1-41EA-4080-AFC2-A3F0A59BFDAF}.DebugLocal|Any CPU.Build.0 = Debug|Any CPU
		{64D029C1-41EA-4080-AFC2-A3F0A59BFDAF}.DebugLocal|Any CPU.Deploy.0 = Debug|Any CPU
		{64D029C1-41EA-4080-AFC2-A3F0A59BFDAF}.DebugLocal|iPhone.ActiveCfg = Debug|Any CPU
		{64D029C1-41EA-4080-AFC2-A3F0A59BFDAF}.DebugLocal|iPhone.Build.0 = Debug|Any CPU
		{64D029C1-41EA-4080-AFC2-A3F0A59BFDAF}.DebugLocal|iPhone.Deploy.0 = Debug|Any CPU
		{64D029C1-41EA-4080-AFC2-A3F0A59BFDAF}.DebugLocal|iPhoneSimulator.ActiveCfg = Debug|Any CPU
		{64D029C1-41EA-4080-AFC2-A3F0A59BFDAF}.DebugLocal|iPhoneSimulator.Build.0 = Debug|Any CPU
		{64D029C1-41EA-4080-AFC2-A3F0A59BFDAF}.DebugLocal|iPhoneSimulator.Deploy.0 = Debug|Any CPU
		{64D029C1-41EA-4080-AFC2-A3F0A59BFDAF}.Release|Any CPU.ActiveCfg = Release|Any CPU
		{64D029C1-41EA-4080-AFC2-A3F0A59BFDAF}.Release|Any CPU.Build.0 = Release|Any CPU
		{64D029C1-41EA-4080-AFC2-A3F0A59BFDAF}.Release|Any CPU.Deploy.0 = Release|Any CPU
		{64D029C1-41EA-4080-AFC2-A3F0A59BFDAF}.Release|iPhone.ActiveCfg = Release|Any CPU
		{64D029C1-41EA-4080-AFC2-A3F0A59BFDAF}.Release|iPhone.Build.0 = Release|Any CPU
		{64D029C1-41EA-4080-AFC2-A3F0A59BFDAF}.Release|iPhone.Deploy.0 = Release|Any CPU
		{64D029C1-41EA-4080-AFC2-A3F0A59BFDAF}.Release|iPhoneSimulator.ActiveCfg = Release|Any CPU
		{64D029C1-41EA-4080-AFC2-A3F0A59BFDAF}.Release|iPhoneSimulator.Build.0 = Release|Any CPU
		{64D029C1-41EA-4080-AFC2-A3F0A59BFDAF}.Release|iPhoneSimulator.Deploy.0 = Release|Any CPU
		{63B72BBF-7508-4D14-9301-A3DBB5DD772F}.Debug|Any CPU.ActiveCfg = Debug|Any CPU
		{63B72BBF-7508-4D14-9301-A3DBB5DD772F}.Debug|Any CPU.Build.0 = Debug|Any CPU
		{63B72BBF-7508-4D14-9301-A3DBB5DD772F}.Debug|iPhone.ActiveCfg = Debug|Any CPU
		{63B72BBF-7508-4D14-9301-A3DBB5DD772F}.Debug|iPhone.Build.0 = Debug|Any CPU
		{63B72BBF-7508-4D14-9301-A3DBB5DD772F}.Debug|iPhoneSimulator.ActiveCfg = Debug|Any CPU
		{63B72BBF-7508-4D14-9301-A3DBB5DD772F}.Debug|iPhoneSimulator.Build.0 = Debug|Any CPU
		{63B72BBF-7508-4D14-9301-A3DBB5DD772F}.DebugLocal|Any CPU.ActiveCfg = Debug|Any CPU
		{63B72BBF-7508-4D14-9301-A3DBB5DD772F}.DebugLocal|Any CPU.Build.0 = Debug|Any CPU
		{63B72BBF-7508-4D14-9301-A3DBB5DD772F}.DebugLocal|iPhone.ActiveCfg = Debug|Any CPU
		{63B72BBF-7508-4D14-9301-A3DBB5DD772F}.DebugLocal|iPhone.Build.0 = Debug|Any CPU
		{63B72BBF-7508-4D14-9301-A3DBB5DD772F}.DebugLocal|iPhoneSimulator.ActiveCfg = Debug|Any CPU
		{63B72BBF-7508-4D14-9301-A3DBB5DD772F}.DebugLocal|iPhoneSimulator.Build.0 = Debug|Any CPU
		{63B72BBF-7508-4D14-9301-A3DBB5DD772F}.Release|Any CPU.ActiveCfg = Release|Any CPU
		{63B72BBF-7508-4D14-9301-A3DBB5DD772F}.Release|Any CPU.Build.0 = Release|Any CPU
		{63B72BBF-7508-4D14-9301-A3DBB5DD772F}.Release|iPhone.ActiveCfg = Release|Any CPU
		{63B72BBF-7508-4D14-9301-A3DBB5DD772F}.Release|iPhone.Build.0 = Release|Any CPU
		{63B72BBF-7508-4D14-9301-A3DBB5DD772F}.Release|iPhoneSimulator.ActiveCfg = Release|Any CPU
		{63B72BBF-7508-4D14-9301-A3DBB5DD772F}.Release|iPhoneSimulator.Build.0 = Release|Any CPU
		{42DDB44C-3BB9-42F0-92BD-D358829C6B42}.Debug|Any CPU.ActiveCfg = Debug|Any CPU
		{42DDB44C-3BB9-42F0-92BD-D358829C6B42}.Debug|Any CPU.Build.0 = Debug|Any CPU
		{42DDB44C-3BB9-42F0-92BD-D358829C6B42}.Debug|iPhone.ActiveCfg = Debug|Any CPU
		{42DDB44C-3BB9-42F0-92BD-D358829C6B42}.Debug|iPhone.Build.0 = Debug|Any CPU
		{42DDB44C-3BB9-42F0-92BD-D358829C6B42}.Debug|iPhoneSimulator.ActiveCfg = Debug|Any CPU
		{42DDB44C-3BB9-42F0-92BD-D358829C6B42}.Debug|iPhoneSimulator.Build.0 = Debug|Any CPU
		{42DDB44C-3BB9-42F0-92BD-D358829C6B42}.DebugLocal|Any CPU.ActiveCfg = Debug|Any CPU
		{42DDB44C-3BB9-42F0-92BD-D358829C6B42}.DebugLocal|Any CPU.Build.0 = Debug|Any CPU
		{42DDB44C-3BB9-42F0-92BD-D358829C6B42}.DebugLocal|iPhone.ActiveCfg = Debug|Any CPU
		{42DDB44C-3BB9-42F0-92BD-D358829C6B42}.DebugLocal|iPhone.Build.0 = Debug|Any CPU
		{42DDB44C-3BB9-42F0-92BD-D358829C6B42}.DebugLocal|iPhoneSimulator.ActiveCfg = Debug|Any CPU
		{42DDB44C-3BB9-42F0-92BD-D358829C6B42}.DebugLocal|iPhoneSimulator.Build.0 = Debug|Any CPU
		{42DDB44C-3BB9-42F0-92BD-D358829C6B42}.Release|Any CPU.ActiveCfg = Release|Any CPU
		{42DDB44C-3BB9-42F0-92BD-D358829C6B42}.Release|Any CPU.Build.0 = Release|Any CPU
		{42DDB44C-3BB9-42F0-92BD-D358829C6B42}.Release|iPhone.ActiveCfg = Release|Any CPU
		{42DDB44C-3BB9-42F0-92BD-D358829C6B42}.Release|iPhone.Build.0 = Release|Any CPU
		{42DDB44C-3BB9-42F0-92BD-D358829C6B42}.Release|iPhoneSimulator.ActiveCfg = Release|Any CPU
		{42DDB44C-3BB9-42F0-92BD-D358829C6B42}.Release|iPhoneSimulator.Build.0 = Release|Any CPU
		{86141396-4E93-4514-9251-3673FB756F38}.Debug|Any CPU.ActiveCfg = Debug|Any CPU
		{86141396-4E93-4514-9251-3673FB756F38}.Debug|Any CPU.Build.0 = Debug|Any CPU
		{86141396-4E93-4514-9251-3673FB756F38}.Debug|iPhone.ActiveCfg = Debug|Any CPU
		{86141396-4E93-4514-9251-3673FB756F38}.Debug|iPhone.Build.0 = Debug|Any CPU
		{86141396-4E93-4514-9251-3673FB756F38}.Debug|iPhoneSimulator.ActiveCfg = Debug|Any CPU
		{86141396-4E93-4514-9251-3673FB756F38}.Debug|iPhoneSimulator.Build.0 = Debug|Any CPU
		{86141396-4E93-4514-9251-3673FB756F38}.DebugLocal|Any CPU.ActiveCfg = Debug|Any CPU
		{86141396-4E93-4514-9251-3673FB756F38}.DebugLocal|Any CPU.Build.0 = Debug|Any CPU
		{86141396-4E93-4514-9251-3673FB756F38}.DebugLocal|iPhone.ActiveCfg = Debug|Any CPU
		{86141396-4E93-4514-9251-3673FB756F38}.DebugLocal|iPhone.Build.0 = Debug|Any CPU
		{86141396-4E93-4514-9251-3673FB756F38}.DebugLocal|iPhoneSimulator.ActiveCfg = Debug|Any CPU
		{86141396-4E93-4514-9251-3673FB756F38}.DebugLocal|iPhoneSimulator.Build.0 = Debug|Any CPU
		{86141396-4E93-4514-9251-3673FB756F38}.Release|Any CPU.ActiveCfg = Release|Any CPU
		{86141396-4E93-4514-9251-3673FB756F38}.Release|Any CPU.Build.0 = Release|Any CPU
		{86141396-4E93-4514-9251-3673FB756F38}.Release|iPhone.ActiveCfg = Release|Any CPU
		{86141396-4E93-4514-9251-3673FB756F38}.Release|iPhone.Build.0 = Release|Any CPU
		{86141396-4E93-4514-9251-3673FB756F38}.Release|iPhoneSimulator.ActiveCfg = Release|Any CPU
		{86141396-4E93-4514-9251-3673FB756F38}.Release|iPhoneSimulator.Build.0 = Release|Any CPU
		{5DC95142-2C37-490A-9D5D-0F39A70DBC09}.Debug|Any CPU.ActiveCfg = Debug|Any CPU
		{5DC95142-2C37-490A-9D5D-0F39A70DBC09}.Debug|Any CPU.Build.0 = Debug|Any CPU
		{5DC95142-2C37-490A-9D5D-0F39A70DBC09}.Debug|iPhone.ActiveCfg = Debug|Any CPU
		{5DC95142-2C37-490A-9D5D-0F39A70DBC09}.Debug|iPhone.Build.0 = Debug|Any CPU
		{5DC95142-2C37-490A-9D5D-0F39A70DBC09}.Debug|iPhoneSimulator.ActiveCfg = Debug|Any CPU
		{5DC95142-2C37-490A-9D5D-0F39A70DBC09}.Debug|iPhoneSimulator.Build.0 = Debug|Any CPU
		{5DC95142-2C37-490A-9D5D-0F39A70DBC09}.DebugLocal|Any CPU.ActiveCfg = Debug|Any CPU
		{5DC95142-2C37-490A-9D5D-0F39A70DBC09}.DebugLocal|Any CPU.Build.0 = Debug|Any CPU
		{5DC95142-2C37-490A-9D5D-0F39A70DBC09}.DebugLocal|iPhone.ActiveCfg = Debug|Any CPU
		{5DC95142-2C37-490A-9D5D-0F39A70DBC09}.DebugLocal|iPhone.Build.0 = Debug|Any CPU
		{5DC95142-2C37-490A-9D5D-0F39A70DBC09}.DebugLocal|iPhoneSimulator.ActiveCfg = Debug|Any CPU
		{5DC95142-2C37-490A-9D5D-0F39A70DBC09}.DebugLocal|iPhoneSimulator.Build.0 = Debug|Any CPU
		{5DC95142-2C37-490A-9D5D-0F39A70DBC09}.Release|Any CPU.ActiveCfg = Release|Any CPU
		{5DC95142-2C37-490A-9D5D-0F39A70DBC09}.Release|Any CPU.Build.0 = Release|Any CPU
		{5DC95142-2C37-490A-9D5D-0F39A70DBC09}.Release|iPhone.ActiveCfg = Release|Any CPU
		{5DC95142-2C37-490A-9D5D-0F39A70DBC09}.Release|iPhone.Build.0 = Release|Any CPU
		{5DC95142-2C37-490A-9D5D-0F39A70DBC09}.Release|iPhoneSimulator.ActiveCfg = Release|Any CPU
		{5DC95142-2C37-490A-9D5D-0F39A70DBC09}.Release|iPhoneSimulator.Build.0 = Release|Any CPU
	EndGlobalSection
	GlobalSection(SolutionProperties) = preSolution
		HideSolutionNode = FALSE
	EndGlobalSection
	GlobalSection(NestedProjects) = preSolution
		{64D029C1-41EA-4080-AFC2-A3F0A59BFDAF} = {FC2A8B30-1017-41D7-87A8-3A0EF1525E34}
		{63B72BBF-7508-4D14-9301-A3DBB5DD772F} = {FC2A8B30-1017-41D7-87A8-3A0EF1525E34}
		{42DDB44C-3BB9-42F0-92BD-D358829C6B42} = {FC2A8B30-1017-41D7-87A8-3A0EF1525E34}
		{86141396-4E93-4514-9251-3673FB756F38} = {671325D4-F80F-49C7-B253-33E0F4D2A544}
		{5DC95142-2C37-490A-9D5D-0F39A70DBC09} = {FC2A8B30-1017-41D7-87A8-3A0EF1525E34}
	EndGlobalSection
	GlobalSection(ExtensibilityGlobals) = postSolution
		SolutionGuid = {39781017-341C-4A67-BD48-FA0451B8881D}
	EndGlobalSection
EndGlobal
