
Microsoft Visual Studio Solution File, Format Version 12.00
# Visual Studio Version 16
VisualStudioVersion = 16.0.30320.27
MinimumVisualStudioVersion = 10.0.40219.1
Project("{00D1A9C2-B5F0-4AF3-8072-F6C62B433612}") = "LectoresConGloria_BD", "LectoresConGloria_BD\LectoresConGloria_BD.sqlproj", "{64D029C1-41EA-4080-AFC2-A3F0A59BFDAF}"
EndProject
Project("{2150E333-8FDC-42A3-9474-1A3956D46DE8}") = "Clientes", "Clientes", "{EF51FF86-0571-4545-BCB9-136ACFB7EEFA}"
EndProject
Project("{2150E333-8FDC-42A3-9474-1A3956D46DE8}") = "Gateways", "Gateways", "{671325D4-F80F-49C7-B253-33E0F4D2A544}"
EndProject
Project("{2150E333-8FDC-42A3-9474-1A3956D46DE8}") = "Domain", "Domain", "{FC2A8B30-1017-41D7-87A8-3A0EF1525E34}"
EndProject
Project("{2150E333-8FDC-42A3-9474-1A3956D46DE8}") = "Servicios", "Servicios", "{AAB382C5-D493-4A65-B4BD-E37F94330656}"
EndProject
Project("{FAE04EC0-301F-11D3-BF4B-00C04F79EFBC}") = "LectoresConGloria_MVC_ADM", "Clientes\LectoresConGloria_MVC_ADM\LectoresConGloria_MVC_ADM.csproj", "{CC12967A-C385-4C14-B852-74A1A5BB8425}"
EndProject
Project("{FAE04EC0-301F-11D3-BF4B-00C04F79EFBC}") = "LectoresConGloria_MDL", "Domain\LectoresConGloria_MDL\LectoresConGloria_MDL.csproj", "{63B72BBF-7508-4D14-9301-A3DBB5DD772F}"
EndProject
Project("{FAE04EC0-301F-11D3-BF4B-00C04F79EFBC}") = "LectoresConGloria_SVC", "Domain\LectoresConGloria_SVC\LectoresConGloria_SVC.csproj", "{42DDB44C-3BB9-42F0-92BD-D358829C6B42}"
EndProject
Project("{FAE04EC0-301F-11D3-BF4B-00C04F79EFBC}") = "LectoresConGloria_GW", "Gateways\LectoresConGloria_GW\LectoresConGloria_GW.csproj", "{86141396-4E93-4514-9251-3673FB756F38}"
EndProject
Project("{FAE04EC0-301F-11D3-BF4B-00C04F79EFBC}") = "LectoresConGloria_API", "Servicios\LectoresConGloria_API\LectoresConGloria_API.csproj", "{5217E1C9-D211-4F1B-9968-BFC454FF3AA7}"
EndProject
Project("{FAE04EC0-301F-11D3-BF4B-00C04F79EFBC}") = "LectoresConGloria_FWK", "Domain\LectoresConGloria_FWK\LectoresConGloria_FWK.csproj", "{5DC95142-2C37-490A-9D5D-0F39A70DBC09}"
EndProject
Project("{FAE04EC0-301F-11D3-BF4B-00C04F79EFBC}") = "LectoresConGloria_ANG", "Clientes\LectoresConGloria_ANG\LectoresConGloria_ANG.csproj", "{16B0D28D-A9AA-4352-9205-D32D0922D5E5}"
EndProject
Global
	GlobalSection(SolutionConfigurationPlatforms) = preSolution
		Debug|Any CPU = Debug|Any CPU
		DebugLocal|Any CPU = DebugLocal|Any CPU
		Release|Any CPU = Release|Any CPU
	EndGlobalSection
	GlobalSection(ProjectConfigurationPlatforms) = postSolution
		{64D029C1-41EA-4080-AFC2-A3F0A59BFDAF}.Debug|Any CPU.ActiveCfg = Debug|Any CPU
		{64D029C1-41EA-4080-AFC2-A3F0A59BFDAF}.Debug|Any CPU.Build.0 = Debug|Any CPU
		{64D029C1-41EA-4080-AFC2-A3F0A59BFDAF}.Debug|Any CPU.Deploy.0 = Debug|Any CPU
		{64D029C1-41EA-4080-AFC2-A3F0A59BFDAF}.DebugLocal|Any CPU.ActiveCfg = Debug|Any CPU
		{64D029C1-41EA-4080-AFC2-A3F0A59BFDAF}.DebugLocal|Any CPU.Build.0 = Debug|Any CPU
		{64D029C1-41EA-4080-AFC2-A3F0A59BFDAF}.DebugLocal|Any CPU.Deploy.0 = Debug|Any CPU
		{64D029C1-41EA-4080-AFC2-A3F0A59BFDAF}.Release|Any CPU.ActiveCfg = Release|Any CPU
		{64D029C1-41EA-4080-AFC2-A3F0A59BFDAF}.Release|Any CPU.Build.0 = Release|Any CPU
		{64D029C1-41EA-4080-AFC2-A3F0A59BFDAF}.Release|Any CPU.Deploy.0 = Release|Any CPU
		{CC12967A-C385-4C14-B852-74A1A5BB8425}.Debug|Any CPU.ActiveCfg = Debug|Any CPU
		{CC12967A-C385-4C14-B852-74A1A5BB8425}.Debug|Any CPU.Build.0 = Debug|Any CPU
		{CC12967A-C385-4C14-B852-74A1A5BB8425}.DebugLocal|Any CPU.ActiveCfg = Debug|Any CPU
		{CC12967A-C385-4C14-B852-74A1A5BB8425}.DebugLocal|Any CPU.Build.0 = Debug|Any CPU
		{CC12967A-C385-4C14-B852-74A1A5BB8425}.Release|Any CPU.ActiveCfg = Release|Any CPU
		{CC12967A-C385-4C14-B852-74A1A5BB8425}.Release|Any CPU.Build.0 = Release|Any CPU
		{63B72BBF-7508-4D14-9301-A3DBB5DD772F}.Debug|Any CPU.ActiveCfg = Debug|Any CPU
		{63B72BBF-7508-4D14-9301-A3DBB5DD772F}.Debug|Any CPU.Build.0 = Debug|Any CPU
		{63B72BBF-7508-4D14-9301-A3DBB5DD772F}.DebugLocal|Any CPU.ActiveCfg = Debug|Any CPU
		{63B72BBF-7508-4D14-9301-A3DBB5DD772F}.DebugLocal|Any CPU.Build.0 = Debug|Any CPU
		{63B72BBF-7508-4D14-9301-A3DBB5DD772F}.Release|Any CPU.ActiveCfg = Release|Any CPU
		{63B72BBF-7508-4D14-9301-A3DBB5DD772F}.Release|Any CPU.Build.0 = Release|Any CPU
		{42DDB44C-3BB9-42F0-92BD-D358829C6B42}.Debug|Any CPU.ActiveCfg = Debug|Any CPU
		{42DDB44C-3BB9-42F0-92BD-D358829C6B42}.Debug|Any CPU.Build.0 = Debug|Any CPU
		{42DDB44C-3BB9-42F0-92BD-D358829C6B42}.DebugLocal|Any CPU.ActiveCfg = Debug|Any CPU
		{42DDB44C-3BB9-42F0-92BD-D358829C6B42}.DebugLocal|Any CPU.Build.0 = Debug|Any CPU
		{42DDB44C-3BB9-42F0-92BD-D358829C6B42}.Release|Any CPU.ActiveCfg = Release|Any CPU
		{42DDB44C-3BB9-42F0-92BD-D358829C6B42}.Release|Any CPU.Build.0 = Release|Any CPU
		{86141396-4E93-4514-9251-3673FB756F38}.Debug|Any CPU.ActiveCfg = Debug|Any CPU
		{86141396-4E93-4514-9251-3673FB756F38}.Debug|Any CPU.Build.0 = Debug|Any CPU
		{86141396-4E93-4514-9251-3673FB756F38}.DebugLocal|Any CPU.ActiveCfg = Debug|Any CPU
		{86141396-4E93-4514-9251-3673FB756F38}.DebugLocal|Any CPU.Build.0 = Debug|Any CPU
		{86141396-4E93-4514-9251-3673FB756F38}.Release|Any CPU.ActiveCfg = Release|Any CPU
		{86141396-4E93-4514-9251-3673FB756F38}.Release|Any CPU.Build.0 = Release|Any CPU
		{5217E1C9-D211-4F1B-9968-BFC454FF3AA7}.Debug|Any CPU.ActiveCfg = Debug|Any CPU
		{5217E1C9-D211-4F1B-9968-BFC454FF3AA7}.Debug|Any CPU.Build.0 = Debug|Any CPU
		{5217E1C9-D211-4F1B-9968-BFC454FF3AA7}.DebugLocal|Any CPU.ActiveCfg = Debug|Any CPU
		{5217E1C9-D211-4F1B-9968-BFC454FF3AA7}.DebugLocal|Any CPU.Build.0 = Debug|Any CPU
		{5217E1C9-D211-4F1B-9968-BFC454FF3AA7}.Release|Any CPU.ActiveCfg = Release|Any CPU
		{5217E1C9-D211-4F1B-9968-BFC454FF3AA7}.Release|Any CPU.Build.0 = Release|Any CPU
		{5DC95142-2C37-490A-9D5D-0F39A70DBC09}.Debug|Any CPU.ActiveCfg = Debug|Any CPU
		{5DC95142-2C37-490A-9D5D-0F39A70DBC09}.Debug|Any CPU.Build.0 = Debug|Any CPU
		{5DC95142-2C37-490A-9D5D-0F39A70DBC09}.DebugLocal|Any CPU.ActiveCfg = Debug|Any CPU
		{5DC95142-2C37-490A-9D5D-0F39A70DBC09}.DebugLocal|Any CPU.Build.0 = Debug|Any CPU
		{5DC95142-2C37-490A-9D5D-0F39A70DBC09}.Release|Any CPU.ActiveCfg = Release|Any CPU
		{5DC95142-2C37-490A-9D5D-0F39A70DBC09}.Release|Any CPU.Build.0 = Release|Any CPU
		{16B0D28D-A9AA-4352-9205-D32D0922D5E5}.Debug|Any CPU.ActiveCfg = Debug|Any CPU
		{16B0D28D-A9AA-4352-9205-D32D0922D5E5}.Debug|Any CPU.Build.0 = Debug|Any CPU
		{16B0D28D-A9AA-4352-9205-D32D0922D5E5}.DebugLocal|Any CPU.ActiveCfg = Debug|Any CPU
		{16B0D28D-A9AA-4352-9205-D32D0922D5E5}.DebugLocal|Any CPU.Build.0 = Debug|Any CPU
		{16B0D28D-A9AA-4352-9205-D32D0922D5E5}.Release|Any CPU.ActiveCfg = Release|Any CPU
		{16B0D28D-A9AA-4352-9205-D32D0922D5E5}.Release|Any CPU.Build.0 = Release|Any CPU
	EndGlobalSection
	GlobalSection(SolutionProperties) = preSolution
		HideSolutionNode = FALSE
	EndGlobalSection
	GlobalSection(NestedProjects) = preSolution
		{CC12967A-C385-4C14-B852-74A1A5BB8425} = {EF51FF86-0571-4545-BCB9-136ACFB7EEFA}
		{63B72BBF-7508-4D14-9301-A3DBB5DD772F} = {FC2A8B30-1017-41D7-87A8-3A0EF1525E34}
		{42DDB44C-3BB9-42F0-92BD-D358829C6B42} = {FC2A8B30-1017-41D7-87A8-3A0EF1525E34}
		{86141396-4E93-4514-9251-3673FB756F38} = {671325D4-F80F-49C7-B253-33E0F4D2A544}
		{5217E1C9-D211-4F1B-9968-BFC454FF3AA7} = {AAB382C5-D493-4A65-B4BD-E37F94330656}
		{5DC95142-2C37-490A-9D5D-0F39A70DBC09} = {FC2A8B30-1017-41D7-87A8-3A0EF1525E34}
		{16B0D28D-A9AA-4352-9205-D32D0922D5E5} = {EF51FF86-0571-4545-BCB9-136ACFB7EEFA}
	EndGlobalSection
	GlobalSection(ExtensibilityGlobals) = postSolution
		SolutionGuid = {39781017-341C-4A67-BD48-FA0451B8881D}
	EndGlobalSection
EndGlobal
